
Microsoft Visual Studio Solution File, Format Version 12.00
# Visual Studio Version 16
VisualStudioVersion = 16.0.30804.86
MinimumVisualStudioVersion = 10.0.40219.1
Project("{9A19103F-16F7-4668-BE54-9A1E7A4F7556}") = "FundaAssignment.WebApi", "FundaAssignment.WebApi\FundaAssignment.WebApi.csproj", "{F7600BA2-5C2B-4E17-AC9E-72CED50B1ED4}"
EndProject
Project("{2150E333-8FDC-42A3-9474-1A3956D46DE8}") = "ClientApp", "ClientApp", "{6ABF3AAC-EA00-4E58-BC07-CE7AEA6B1ED0}"
	ProjectSection(SolutionItems) = preProject
		ClientApp\index.html = ClientApp\index.html
	EndProjectSection
EndProject
Global
	GlobalSection(SolutionConfigurationPlatforms) = preSolution
		Debug|Any CPU = Debug|Any CPU
		Release|Any CPU = Release|Any CPU
	EndGlobalSection
	GlobalSection(ProjectConfigurationPlatforms) = postSolution
		{F7600BA2-5C2B-4E17-AC9E-72CED50B1ED4}.Debug|Any CPU.ActiveCfg = Debug|Any CPU
		{F7600BA2-5C2B-4E17-AC9E-72CED50B1ED4}.Debug|Any CPU.Build.0 = Debug|Any CPU
		{F7600BA2-5C2B-4E17-AC9E-72CED50B1ED4}.Release|Any CPU.ActiveCfg = Release|Any CPU
		{F7600BA2-5C2B-4E17-AC9E-72CED50B1ED4}.Release|Any CPU.Build.0 = Release|Any CPU
	EndGlobalSection
	GlobalSection(SolutionProperties) = preSolution
		HideSolutionNode = FALSE
	EndGlobalSection
	GlobalSection(ExtensibilityGlobals) = postSolution
		SolutionGuid = {E06D4A00-E9AC-479F-A136-3FFD0A7FAE3C}
	EndGlobalSection
EndGlobal
